
Microsoft Visual Studio Solution File, Format Version 11.00
# Visual Studio 2010
Project("{FAE04EC0-301F-11D3-BF4B-00C04F79EFBC}") = "MobileServer", "MobileServer.csproj", "{D128BBCA-388D-41B5-A101-D216552C6FE6}"
	ProjectSection(ProjectDependencies) = postProject
		{83645D5A-D5E9-4F0B-BB6D-AE88DED13617} = {83645D5A-D5E9-4F0B-BB6D-AE88DED13617}
		{B888C9A3-1B91-4267-BF62-D7BD68F86BEE} = {B888C9A3-1B91-4267-BF62-D7BD68F86BEE}
		{E5D72FE7-156D-40B5-9424-4C3A3B70A932} = {E5D72FE7-156D-40B5-9424-4C3A3B70A932}
	EndProjectSection
EndProject
Project("{FAE04EC0-301F-11D3-BF4B-00C04F79EFBC}") = "MobileDataContract", "..\DataContract\MobileDataContract.csproj", "{93AE25F6-78A3-4AD8-B25A-425A52842F51}"
EndProject
Project("{FAE04EC0-301F-11D3-BF4B-00C04F79EFBC}") = "MobileServiceContract", "..\ServiceContract\MobileServiceContract.csproj", "{749F0A7F-98E7-490B-A9F6-F3EB766D6222}"
EndProject
Project("{FAE04EC0-301F-11D3-BF4B-00C04F79EFBC}") = "DiagConsole", "..\DiagConsole\DiagConsole.csproj", "{82E33740-AC27-4C9D-89EB-D558553C0E65}"
EndProject
Project("{54435603-DBB4-11D2-8724-00A0C9A8B90C}") = "MobileServerSetup", "..\MobileServerSetup\MobileServerSetup.vdproj", "{DF4596E9-0E70-471F-A830-3076CC7C3472}"
EndProject
Project("{FAE04EC0-301F-11D3-BF4B-00C04F79EFBC}") = "MobileQueueServices", "..\MobileQueueServices\MobileQueueServices.csproj", "{183F7919-68D3-4537-B41C-022D92A360E6}"
EndProject
Project("{FAE04EC0-301F-11D3-BF4B-00C04F79EFBC}") = "Localization", "..\..\..\UI\Localization\WPF\Localization.csproj", "{83645D5A-D5E9-4F0B-BB6D-AE88DED13617}"
EndProject
Project("{FAE04EC0-301F-11D3-BF4B-00C04F79EFBC}") = "CDAL", "..\..\..\Data\Access\CDAL\CDAL.csproj", "{C0D2C882-3C1D-4797-911B-EDFBC6B3BA74}"
EndProject
Project("{FAE04EC0-301F-11D3-BF4B-00C04F79EFBC}") = "DataAccessModel", "..\..\..\Data\Access\Model\DataAccessModel.csproj", "{49474CC7-333B-499E-B1A0-4E930BF1DBDB}"
EndProject
Project("{FAE04EC0-301F-11D3-BF4B-00C04F79EFBC}") = "DataAccessUtil", "..\..\..\Data\Access\Util\DataAccessUtil.csproj", "{C5CDE42E-DFB3-4BA3-A141-D81A64B40914}"
EndProject
Project("{FAE04EC0-301F-11D3-BF4B-00C04F79EFBC}") = "Emailer", "..\..\..\..\Projects\Communications\Email\Emailer\Emailer.csproj", "{319142F9-B8BB-455B-8876-9EE87D798559}"
EndProject
Project("{FAE04EC0-301F-11D3-BF4B-00C04F79EFBC}") = "ErrorLogger", "..\..\..\Tools\ErrorLogger\ErrorLogger.csproj", "{E5D72FE7-156D-40B5-9424-4C3A3B70A932}"
EndProject
Project("{FAE04EC0-301F-11D3-BF4B-00C04F79EFBC}") = "FutureConcepts.Settings", "..\..\..\Settings\FutureConcepts.Settings.csproj", "{0D2E6EB4-763A-46A7-8C8F-DA287C578071}"
EndProject
Project("{FAE04EC0-301F-11D3-BF4B-00C04F79EFBC}") = "DataAccessWeb", "..\..\..\Data\Access\Web\DataAccessWeb\DataAccessWeb.csproj", "{B888C9A3-1B91-4267-BF62-D7BD68F86BEE}"
EndProject
Project("{FAE04EC0-301F-11D3-BF4B-00C04F79EFBC}") = "Utilities", "..\..\..\Tools\Utilities\Utilities.csproj", "{9648F997-60EB-49BE-84ED-DAD17627647E}"
EndProject
Global
	GlobalSection(SolutionConfigurationPlatforms) = preSolution
		Debug|Any CPU = Debug|Any CPU
		Debug|Mixed Platforms = Debug|Mixed Platforms
		Debug|x64 = Debug|x64
		Debug|x86 = Debug|x86
		Release|Any CPU = Release|Any CPU
		Release|Mixed Platforms = Release|Mixed Platforms
		Release|x64 = Release|x64
		Release|x86 = Release|x86
	EndGlobalSection
	GlobalSection(ProjectConfigurationPlatforms) = postSolution
		{D128BBCA-388D-41B5-A101-D216552C6FE6}.Debug|Any CPU.ActiveCfg = Debug|Any CPU
		{D128BBCA-388D-41B5-A101-D216552C6FE6}.Debug|Any CPU.Build.0 = Debug|Any CPU
		{D128BBCA-388D-41B5-A101-D216552C6FE6}.Debug|Mixed Platforms.ActiveCfg = Debug|Any CPU
		{D128BBCA-388D-41B5-A101-D216552C6FE6}.Debug|Mixed Platforms.Build.0 = Debug|Any CPU
		{D128BBCA-388D-41B5-A101-D216552C6FE6}.Debug|x64.ActiveCfg = Debug|Any CPU
		{D128BBCA-388D-41B5-A101-D216552C6FE6}.Debug|x86.ActiveCfg = Debug|Any CPU
		{D128BBCA-388D-41B5-A101-D216552C6FE6}.Release|Any CPU.ActiveCfg = Release|Any CPU
		{D128BBCA-388D-41B5-A101-D216552C6FE6}.Release|Any CPU.Build.0 = Release|Any CPU
		{D128BBCA-388D-41B5-A101-D216552C6FE6}.Release|Mixed Platforms.ActiveCfg = Release|Any CPU
		{D128BBCA-388D-41B5-A101-D216552C6FE6}.Release|Mixed Platforms.Build.0 = Release|Any CPU
		{D128BBCA-388D-41B5-A101-D216552C6FE6}.Release|x64.ActiveCfg = Release|Any CPU
		{D128BBCA-388D-41B5-A101-D216552C6FE6}.Release|x86.ActiveCfg = Release|Any CPU
		{93AE25F6-78A3-4AD8-B25A-425A52842F51}.Debug|Any CPU.ActiveCfg = Debug|Any CPU
		{93AE25F6-78A3-4AD8-B25A-425A52842F51}.Debug|Any CPU.Build.0 = Debug|Any CPU
		{93AE25F6-78A3-4AD8-B25A-425A52842F51}.Debug|Mixed Platforms.ActiveCfg = Debug|Any CPU
		{93AE25F6-78A3-4AD8-B25A-425A52842F51}.Debug|Mixed Platforms.Build.0 = Debug|Any CPU
		{93AE25F6-78A3-4AD8-B25A-425A52842F51}.Debug|x64.ActiveCfg = Debug|Any CPU
		{93AE25F6-78A3-4AD8-B25A-425A52842F51}.Debug|x86.ActiveCfg = Debug|Any CPU
		{93AE25F6-78A3-4AD8-B25A-425A52842F51}.Release|Any CPU.ActiveCfg = Release|Any CPU
		{93AE25F6-78A3-4AD8-B25A-425A52842F51}.Release|Any CPU.Build.0 = Release|Any CPU
		{93AE25F6-78A3-4AD8-B25A-425A52842F51}.Release|Mixed Platforms.ActiveCfg = Release|Any CPU
		{93AE25F6-78A3-4AD8-B25A-425A52842F51}.Release|Mixed Platforms.Build.0 = Release|Any CPU
		{93AE25F6-78A3-4AD8-B25A-425A52842F51}.Release|x64.ActiveCfg = Release|Any CPU
		{93AE25F6-78A3-4AD8-B25A-425A52842F51}.Release|x86.ActiveCfg = Release|Any CPU
		{749F0A7F-98E7-490B-A9F6-F3EB766D6222}.Debug|Any CPU.ActiveCfg = Debug|Any CPU
		{749F0A7F-98E7-490B-A9F6-F3EB766D6222}.Debug|Any CPU.Build.0 = Debug|Any CPU
		{749F0A7F-98E7-490B-A9F6-F3EB766D6222}.Debug|Mixed Platforms.ActiveCfg = Debug|Any CPU
		{749F0A7F-98E7-490B-A9F6-F3EB766D6222}.Debug|Mixed Platforms.Build.0 = Debug|Any CPU
		{749F0A7F-98E7-490B-A9F6-F3EB766D6222}.Debug|x64.ActiveCfg = Debug|Any CPU
		{749F0A7F-98E7-490B-A9F6-F3EB766D6222}.Debug|x86.ActiveCfg = Debug|Any CPU
		{749F0A7F-98E7-490B-A9F6-F3EB766D6222}.Release|Any CPU.ActiveCfg = Release|Any CPU
		{749F0A7F-98E7-490B-A9F6-F3EB766D6222}.Release|Any CPU.Build.0 = Release|Any CPU
		{749F0A7F-98E7-490B-A9F6-F3EB766D6222}.Release|Mixed Platforms.ActiveCfg = Release|Any CPU
		{749F0A7F-98E7-490B-A9F6-F3EB766D6222}.Release|Mixed Platforms.Build.0 = Release|Any CPU
		{749F0A7F-98E7-490B-A9F6-F3EB766D6222}.Release|x64.ActiveCfg = Release|Any CPU
		{749F0A7F-98E7-490B-A9F6-F3EB766D6222}.Release|x86.ActiveCfg = Release|Any CPU
		{82E33740-AC27-4C9D-89EB-D558553C0E65}.Debug|Any CPU.ActiveCfg = Debug|Any CPU
		{82E33740-AC27-4C9D-89EB-D558553C0E65}.Debug|Any CPU.Build.0 = Debug|Any CPU
		{82E33740-AC27-4C9D-89EB-D558553C0E65}.Debug|Mixed Platforms.ActiveCfg = Debug|Any CPU
		{82E33740-AC27-4C9D-89EB-D558553C0E65}.Debug|Mixed Platforms.Build.0 = Debug|Any CPU
		{82E33740-AC27-4C9D-89EB-D558553C0E65}.Debug|x64.ActiveCfg = Debug|Any CPU
		{82E33740-AC27-4C9D-89EB-D558553C0E65}.Debug|x86.ActiveCfg = Debug|Any CPU
		{82E33740-AC27-4C9D-89EB-D558553C0E65}.Release|Any CPU.ActiveCfg = Release|Any CPU
		{82E33740-AC27-4C9D-89EB-D558553C0E65}.Release|Any CPU.Build.0 = Release|Any CPU
		{82E33740-AC27-4C9D-89EB-D558553C0E65}.Release|Mixed Platforms.ActiveCfg = Release|Any CPU
		{82E33740-AC27-4C9D-89EB-D558553C0E65}.Release|Mixed Platforms.Build.0 = Release|Any CPU
		{82E33740-AC27-4C9D-89EB-D558553C0E65}.Release|x64.ActiveCfg = Release|Any CPU
		{82E33740-AC27-4C9D-89EB-D558553C0E65}.Release|x86.ActiveCfg = Release|Any CPU
		{DF4596E9-0E70-471F-A830-3076CC7C3472}.Debug|Any CPU.ActiveCfg = Debug
		{DF4596E9-0E70-471F-A830-3076CC7C3472}.Debug|Mixed Platforms.ActiveCfg = Debug
		{DF4596E9-0E70-471F-A830-3076CC7C3472}.Debug|Mixed Platforms.Build.0 = Debug
		{DF4596E9-0E70-471F-A830-3076CC7C3472}.Debug|x64.ActiveCfg = Debug
		{DF4596E9-0E70-471F-A830-3076CC7C3472}.Debug|x64.Build.0 = Debug
		{DF4596E9-0E70-471F-A830-3076CC7C3472}.Debug|x86.ActiveCfg = Debug
		{DF4596E9-0E70-471F-A830-3076CC7C3472}.Debug|x86.Build.0 = Debug
		{DF4596E9-0E70-471F-A830-3076CC7C3472}.Release|Any CPU.ActiveCfg = Release
		{DF4596E9-0E70-471F-A830-3076CC7C3472}.Release|Mixed Platforms.ActiveCfg = Release
		{DF4596E9-0E70-471F-A830-3076CC7C3472}.Release|Mixed Platforms.Build.0 = Release
		{DF4596E9-0E70-471F-A830-3076CC7C3472}.Release|x64.ActiveCfg = Release
		{DF4596E9-0E70-471F-A830-3076CC7C3472}.Release|x64.Build.0 = Release
		{DF4596E9-0E70-471F-A830-3076CC7C3472}.Release|x86.ActiveCfg = Release
		{DF4596E9-0E70-471F-A830-3076CC7C3472}.Release|x86.Build.0 = Release
		{183F7919-68D3-4537-B41C-022D92A360E6}.Debug|Any CPU.ActiveCfg = Debug|Any CPU
		{183F7919-68D3-4537-B41C-022D92A360E6}.Debug|Any CPU.Build.0 = Debug|Any CPU
		{183F7919-68D3-4537-B41C-022D92A360E6}.Debug|Mixed Platforms.ActiveCfg = Debug|Any CPU
		{183F7919-68D3-4537-B41C-022D92A360E6}.Debug|Mixed Platforms.Build.0 = Debug|Any CPU
		{183F7919-68D3-4537-B41C-022D92A360E6}.Debug|x64.ActiveCfg = Debug|Any CPU
		{183F7919-68D3-4537-B41C-022D92A360E6}.Debug|x86.ActiveCfg = Debug|Any CPU
		{183F7919-68D3-4537-B41C-022D92A360E6}.Release|Any CPU.ActiveCfg = Release|Any CPU
		{183F7919-68D3-4537-B41C-022D92A360E6}.Release|Any CPU.Build.0 = Release|Any CPU
		{183F7919-68D3-4537-B41C-022D92A360E6}.Release|Mixed Platforms.ActiveCfg = Release|Any CPU
		{183F7919-68D3-4537-B41C-022D92A360E6}.Release|Mixed Platforms.Build.0 = Release|Any CPU
		{183F7919-68D3-4537-B41C-022D92A360E6}.Release|x64.ActiveCfg = Release|Any CPU
		{183F7919-68D3-4537-B41C-022D92A360E6}.Release|x86.ActiveCfg = Release|Any CPU
		{83645D5A-D5E9-4F0B-BB6D-AE88DED13617}.Debug|Any CPU.ActiveCfg = Debug|Any CPU
		{83645D5A-D5E9-4F0B-BB6D-AE88DED13617}.Debug|Any CPU.Build.0 = Debug|Any CPU
		{83645D5A-D5E9-4F0B-BB6D-AE88DED13617}.Debug|Mixed Platforms.ActiveCfg = Debug|Any CPU
		{83645D5A-D5E9-4F0B-BB6D-AE88DED13617}.Debug|Mixed Platforms.Build.0 = Debug|Any CPU
		{83645D5A-D5E9-4F0B-BB6D-AE88DED13617}.Debug|x64.ActiveCfg = Debug|x86
		{83645D5A-D5E9-4F0B-BB6D-AE88DED13617}.Debug|x86.ActiveCfg = Debug|x86
		{83645D5A-D5E9-4F0B-BB6D-AE88DED13617}.Debug|x86.Build.0 = Debug|x86
		{83645D5A-D5E9-4F0B-BB6D-AE88DED13617}.Release|Any CPU.ActiveCfg = Release|Any CPU
		{83645D5A-D5E9-4F0B-BB6D-AE88DED13617}.Release|Any CPU.Build.0 = Release|Any CPU
		{83645D5A-D5E9-4F0B-BB6D-AE88DED13617}.Release|Mixed Platforms.ActiveCfg = Release|x64
		{83645D5A-D5E9-4F0B-BB6D-AE88DED13617}.Release|Mixed Platforms.Build.0 = Release|x64
		{83645D5A-D5E9-4F0B-BB6D-AE88DED13617}.Release|x64.ActiveCfg = Release|x86
		{83645D5A-D5E9-4F0B-BB6D-AE88DED13617}.Release|x86.ActiveCfg = Release|x86
		{83645D5A-D5E9-4F0B-BB6D-AE88DED13617}.Release|x86.Build.0 = Release|x86
		{C0D2C882-3C1D-4797-911B-EDFBC6B3BA74}.Debug|Any CPU.ActiveCfg = Debug|Any CPU
		{C0D2C882-3C1D-4797-911B-EDFBC6B3BA74}.Debug|Any CPU.Build.0 = Debug|Any CPU
		{C0D2C882-3C1D-4797-911B-EDFBC6B3BA74}.Debug|Mixed Platforms.ActiveCfg = Debug|Any CPU
		{C0D2C882-3C1D-4797-911B-EDFBC6B3BA74}.Debug|Mixed Platforms.Build.0 = Debug|Any CPU
		{C0D2C882-3C1D-4797-911B-EDFBC6B3BA74}.Debug|x64.ActiveCfg = Debug|x64
		{C0D2C882-3C1D-4797-911B-EDFBC6B3BA74}.Debug|x64.Build.0 = Debug|x64
		{C0D2C882-3C1D-4797-911B-EDFBC6B3BA74}.Debug|x86.ActiveCfg = Debug|x86
		{C0D2C882-3C1D-4797-911B-EDFBC6B3BA74}.Debug|x86.Build.0 = Debug|x86
		{C0D2C882-3C1D-4797-911B-EDFBC6B3BA74}.Release|Any CPU.ActiveCfg = Release|Any CPU
		{C0D2C882-3C1D-4797-911B-EDFBC6B3BA74}.Release|Any CPU.Build.0 = Release|Any CPU
		{C0D2C882-3C1D-4797-911B-EDFBC6B3BA74}.Release|Mixed Platforms.ActiveCfg = Release|x86
		{C0D2C882-3C1D-4797-911B-EDFBC6B3BA74}.Release|Mixed Platforms.Build.0 = Release|x86
		{C0D2C882-3C1D-4797-911B-EDFBC6B3BA74}.Release|x64.ActiveCfg = Release|x64
		{C0D2C882-3C1D-4797-911B-EDFBC6B3BA74}.Release|x64.Build.0 = Release|x64
		{C0D2C882-3C1D-4797-911B-EDFBC6B3BA74}.Release|x86.ActiveCfg = Release|x86
		{C0D2C882-3C1D-4797-911B-EDFBC6B3BA74}.Release|x86.Build.0 = Release|x86
		{49474CC7-333B-499E-B1A0-4E930BF1DBDB}.Debug|Any CPU.ActiveCfg = Debug|Any CPU
		{49474CC7-333B-499E-B1A0-4E930BF1DBDB}.Debug|Any CPU.Build.0 = Debug|Any CPU
		{49474CC7-333B-499E-B1A0-4E930BF1DBDB}.Debug|Mixed Platforms.ActiveCfg = Debug|Any CPU
		{49474CC7-333B-499E-B1A0-4E930BF1DBDB}.Debug|Mixed Platforms.Build.0 = Debug|Any CPU
		{49474CC7-333B-499E-B1A0-4E930BF1DBDB}.Debug|x64.ActiveCfg = Debug|x64
		{49474CC7-333B-499E-B1A0-4E930BF1DBDB}.Debug|x64.Build.0 = Debug|x64
		{49474CC7-333B-499E-B1A0-4E930BF1DBDB}.Debug|x86.ActiveCfg = Debug|x86
		{49474CC7-333B-499E-B1A0-4E930BF1DBDB}.Debug|x86.Build.0 = Debug|x86
		{49474CC7-333B-499E-B1A0-4E930BF1DBDB}.Release|Any CPU.ActiveCfg = Release|Any CPU
		{49474CC7-333B-499E-B1A0-4E930BF1DBDB}.Release|Any CPU.Build.0 = Release|Any CPU
		{49474CC7-333B-499E-B1A0-4E930BF1DBDB}.Release|Mixed Platforms.ActiveCfg = Release|x86
		{49474CC7-333B-499E-B1A0-4E930BF1DBDB}.Release|Mixed Platforms.Build.0 = Release|x86
		{49474CC7-333B-499E-B1A0-4E930BF1DBDB}.Release|x64.ActiveCfg = Release|x64
		{49474CC7-333B-499E-B1A0-4E930BF1DBDB}.Release|x64.Build.0 = Release|x64
		{49474CC7-333B-499E-B1A0-4E930BF1DBDB}.Release|x86.ActiveCfg = Release|x86
		{49474CC7-333B-499E-B1A0-4E930BF1DBDB}.Release|x86.Build.0 = Release|x86
		{C5CDE42E-DFB3-4BA3-A141-D81A64B40914}.Debug|Any CPU.ActiveCfg = Debug|Any CPU
		{C5CDE42E-DFB3-4BA3-A141-D81A64B40914}.Debug|Any CPU.Build.0 = Debug|Any CPU
		{C5CDE42E-DFB3-4BA3-A141-D81A64B40914}.Debug|Mixed Platforms.ActiveCfg = Debug|Any CPU
		{C5CDE42E-DFB3-4BA3-A141-D81A64B40914}.Debug|Mixed Platforms.Build.0 = Debug|Any CPU
		{C5CDE42E-DFB3-4BA3-A141-D81A64B40914}.Debug|x64.ActiveCfg = Debug|x64
		{C5CDE42E-DFB3-4BA3-A141-D81A64B40914}.Debug|x64.Build.0 = Debug|x64
		{C5CDE42E-DFB3-4BA3-A141-D81A64B40914}.Debug|x86.ActiveCfg = Debug|x86
		{C5CDE42E-DFB3-4BA3-A141-D81A64B40914}.Debug|x86.Build.0 = Debug|x86
		{C5CDE42E-DFB3-4BA3-A141-D81A64B40914}.Release|Any CPU.ActiveCfg = Release|Any CPU
		{C5CDE42E-DFB3-4BA3-A141-D81A64B40914}.Release|Any CPU.Build.0 = Release|Any CPU
		{C5CDE42E-DFB3-4BA3-A141-D81A64B40914}.Release|Mixed Platforms.ActiveCfg = Release|x64
		{C5CDE42E-DFB3-4BA3-A141-D81A64B40914}.Release|Mixed Platforms.Build.0 = Release|x64
		{C5CDE42E-DFB3-4BA3-A141-D81A64B40914}.Release|x64.ActiveCfg = Release|x64
		{C5CDE42E-DFB3-4BA3-A141-D81A64B40914}.Release|x64.Build.0 = Release|x64
		{C5CDE42E-DFB3-4BA3-A141-D81A64B40914}.Release|x86.ActiveCfg = Release|x86
		{C5CDE42E-DFB3-4BA3-A141-D81A64B40914}.Release|x86.Build.0 = Release|x86
		{319142F9-B8BB-455B-8876-9EE87D798559}.Debug|Any CPU.ActiveCfg = Debug|Any CPU
		{319142F9-B8BB-455B-8876-9EE87D798559}.Debug|Any CPU.Build.0 = Debug|Any CPU
		{319142F9-B8BB-455B-8876-9EE87D798559}.Debug|Mixed Platforms.ActiveCfg = Debug|Any CPU
		{319142F9-B8BB-455B-8876-9EE87D798559}.Debug|Mixed Platforms.Build.0 = Debug|Any CPU
		{319142F9-B8BB-455B-8876-9EE87D798559}.Debug|x64.ActiveCfg = Debug|x64
		{319142F9-B8BB-455B-8876-9EE87D798559}.Debug|x64.Build.0 = Debug|x64
		{319142F9-B8BB-455B-8876-9EE87D798559}.Debug|x86.ActiveCfg = Debug|x86
		{319142F9-B8BB-455B-8876-9EE87D798559}.Debug|x86.Build.0 = Debug|x86
		{319142F9-B8BB-455B-8876-9EE87D798559}.Release|Any CPU.ActiveCfg = Release|Any CPU
		{319142F9-B8BB-455B-8876-9EE87D798559}.Release|Any CPU.Build.0 = Release|Any CPU
		{319142F9-B8BB-455B-8876-9EE87D798559}.Release|Mixed Platforms.ActiveCfg = Release|x64
		{319142F9-B8BB-455B-8876-9EE87D798559}.Release|Mixed Platforms.Build.0 = Release|x64
		{319142F9-B8BB-455B-8876-9EE87D798559}.Release|x64.ActiveCfg = Release|x64
		{319142F9-B8BB-455B-8876-9EE87D798559}.Release|x64.Build.0 = Release|x64
		{319142F9-B8BB-455B-8876-9EE87D798559}.Release|x86.ActiveCfg = Release|x86
		{319142F9-B8BB-455B-8876-9EE87D798559}.Release|x86.Build.0 = Release|x86
		{E5D72FE7-156D-40B5-9424-4C3A3B70A932}.Debug|Any CPU.ActiveCfg = Debug|Any CPU
		{E5D72FE7-156D-40B5-9424-4C3A3B70A932}.Debug|Any CPU.Build.0 = Debug|Any CPU
		{E5D72FE7-156D-40B5-9424-4C3A3B70A932}.Debug|Mixed Platforms.ActiveCfg = Debug|Any CPU
		{E5D72FE7-156D-40B5-9424-4C3A3B70A932}.Debug|Mixed Platforms.Build.0 = Debug|Any CPU
		{E5D72FE7-156D-40B5-9424-4C3A3B70A932}.Debug|x64.ActiveCfg = Debug|x64
		{E5D72FE7-156D-40B5-9424-4C3A3B70A932}.Debug|x64.Build.0 = Debug|x64
		{E5D72FE7-156D-40B5-9424-4C3A3B70A932}.Debug|x86.ActiveCfg = Debug|x86
		{E5D72FE7-156D-40B5-9424-4C3A3B70A932}.Debug|x86.Build.0 = Debug|x86
		{E5D72FE7-156D-40B5-9424-4C3A3B70A932}.Release|Any CPU.ActiveCfg = Release|Any CPU
		{E5D72FE7-156D-40B5-9424-4C3A3B70A932}.Release|Any CPU.Build.0 = Release|Any CPU
		{E5D72FE7-156D-40B5-9424-4C3A3B70A932}.Release|Mixed Platforms.ActiveCfg = Release|x86
		{E5D72FE7-156D-40B5-9424-4C3A3B70A932}.Release|Mixed Platforms.Build.0 = Release|x86
		{E5D72FE7-156D-40B5-9424-4C3A3B70A932}.Release|x64.ActiveCfg = Release|x64
		{E5D72FE7-156D-40B5-9424-4C3A3B70A932}.Release|x64.Build.0 = Release|x64
		{E5D72FE7-156D-40B5-9424-4C3A3B70A932}.Release|x86.ActiveCfg = Release|x86
		{E5D72FE7-156D-40B5-9424-4C3A3B70A932}.Release|x86.Build.0 = Release|x86
		{0D2E6EB4-763A-46A7-8C8F-DA287C578071}.Debug|Any CPU.ActiveCfg = Debug|Any CPU
		{0D2E6EB4-763A-46A7-8C8F-DA287C578071}.Debug|Any CPU.Build.0 = Debug|Any CPU
		{0D2E6EB4-763A-46A7-8C8F-DA287C578071}.Debug|Mixed Platforms.ActiveCfg = Debug|Any CPU
		{0D2E6EB4-763A-46A7-8C8F-DA287C578071}.Debug|Mixed Platforms.Build.0 = Debug|Any CPU
		{0D2E6EB4-763A-46A7-8C8F-DA287C578071}.Debug|x64.ActiveCfg = Debug|x64
		{0D2E6EB4-763A-46A7-8C8F-DA287C578071}.Debug|x64.Build.0 = Debug|x64
		{0D2E6EB4-763A-46A7-8C8F-DA287C578071}.Debug|x86.ActiveCfg = Debug|x86
		{0D2E6EB4-763A-46A7-8C8F-DA287C578071}.Debug|x86.Build.0 = Debug|x86
		{0D2E6EB4-763A-46A7-8C8F-DA287C578071}.Release|Any CPU.ActiveCfg = Release|Any CPU
		{0D2E6EB4-763A-46A7-8C8F-DA287C578071}.Release|Any CPU.Build.0 = Release|Any CPU
		{0D2E6EB4-763A-46A7-8C8F-DA287C578071}.Release|Mixed Platforms.ActiveCfg = Release|x64
		{0D2E6EB4-763A-46A7-8C8F-DA287C578071}.Release|Mixed Platforms.Build.0 = Release|x64
		{0D2E6EB4-763A-46A7-8C8F-DA287C578071}.Release|x64.ActiveCfg = Release|x64
		{0D2E6EB4-763A-46A7-8C8F-DA287C578071}.Release|x64.Build.0 = Release|x64
		{0D2E6EB4-763A-46A7-8C8F-DA287C578071}.Release|x86.ActiveCfg = Release|x86
		{0D2E6EB4-763A-46A7-8C8F-DA287C578071}.Release|x86.Build.0 = Release|x86
		{B888C9A3-1B91-4267-BF62-D7BD68F86BEE}.Debug|Any CPU.ActiveCfg = Debug|Any CPU
		{B888C9A3-1B91-4267-BF62-D7BD68F86BEE}.Debug|Any CPU.Build.0 = Debug|Any CPU
		{B888C9A3-1B91-4267-BF62-D7BD68F86BEE}.Debug|Mixed Platforms.ActiveCfg = Debug|Any CPU
		{B888C9A3-1B91-4267-BF62-D7BD68F86BEE}.Debug|Mixed Platforms.Build.0 = Debug|Any CPU
		{B888C9A3-1B91-4267-BF62-D7BD68F86BEE}.Debug|x64.ActiveCfg = Debug|Any CPU
		{B888C9A3-1B91-4267-BF62-D7BD68F86BEE}.Debug|x86.ActiveCfg = Debug|Any CPU
		{B888C9A3-1B91-4267-BF62-D7BD68F86BEE}.Release|Any CPU.ActiveCfg = Release|Any CPU
		{B888C9A3-1B91-4267-BF62-D7BD68F86BEE}.Release|Any CPU.Build.0 = Release|Any CPU
		{B888C9A3-1B91-4267-BF62-D7BD68F86BEE}.Release|Mixed Platforms.ActiveCfg = Release|Any CPU
		{B888C9A3-1B91-4267-BF62-D7BD68F86BEE}.Release|Mixed Platforms.Build.0 = Release|Any CPU
		{B888C9A3-1B91-4267-BF62-D7BD68F86BEE}.Release|x64.ActiveCfg = Release|Any CPU
		{B888C9A3-1B91-4267-BF62-D7BD68F86BEE}.Release|x86.ActiveCfg = Release|Any CPU
		{9648F997-60EB-49BE-84ED-DAD17627647E}.Debug|Any CPU.ActiveCfg = Debug|Any CPU
		{9648F997-60EB-49BE-84ED-DAD17627647E}.Debug|Any CPU.Build.0 = Debug|Any CPU
		{9648F997-60EB-49BE-84ED-DAD17627647E}.Debug|Mixed Platforms.ActiveCfg = Debug|Any CPU
		{9648F997-60EB-49BE-84ED-DAD17627647E}.Debug|Mixed Platforms.Build.0 = Debug|Any CPU
		{9648F997-60EB-49BE-84ED-DAD17627647E}.Debug|x64.ActiveCfg = Debug|Any CPU
		{9648F997-60EB-49BE-84ED-DAD17627647E}.Debug|x86.ActiveCfg = Debug|Any CPU
		{9648F997-60EB-49BE-84ED-DAD17627647E}.Release|Any CPU.ActiveCfg = Release|Any CPU
		{9648F997-60EB-49BE-84ED-DAD17627647E}.Release|Any CPU.Build.0 = Release|Any CPU
		{9648F997-60EB-49BE-84ED-DAD17627647E}.Release|Mixed Platforms.ActiveCfg = Release|Any CPU
		{9648F997-60EB-49BE-84ED-DAD17627647E}.Release|Mixed Platforms.Build.0 = Release|Any CPU
		{9648F997-60EB-49BE-84ED-DAD17627647E}.Release|x64.ActiveCfg = Release|Any CPU
		{9648F997-60EB-49BE-84ED-DAD17627647E}.Release|x86.ActiveCfg = Release|Any CPU
	EndGlobalSection
	GlobalSection(SolutionProperties) = preSolution
		HideSolutionNode = FALSE
	EndGlobalSection
EndGlobal
